// !$*UTF8*$!
{
	archiveVersion = 1;
	classes = {
	};
	objectVersion = 46;
	objects = {

/* Begin PBXBuildFile section */
		7A0C292A1D8AC5DB00B49353 /* pokemon.ttf in Resources */ = {isa = PBXBuildFile; fileRef = 7A0C29291D8AC5DB00B49353 /* pokemon.ttf */; };
		7A0C292D1D8AC7B100B49353 /* music.png in Resources */ = {isa = PBXBuildFile; fileRef = 7A0C292C1D8AC7B100B49353 /* music.png */; };
		7A0C292F1D8AC7BF00B49353 /* music.mp3 in Resources */ = {isa = PBXBuildFile; fileRef = 7A0C292E1D8AC7BF00B49353 /* music.mp3 */; };
		7A56CFA91D898B9E00482B5D /* AppDelegate.swift in Sources */ = {isa = PBXBuildFile; fileRef = 7A56CFA81D898B9E00482B5D /* AppDelegate.swift */; };
		7A56CFAB1D898B9E00482B5D /* ViewController.swift in Sources */ = {isa = PBXBuildFile; fileRef = 7A56CFAA1D898B9E00482B5D /* ViewController.swift */; };
		7A56CFAE1D898B9E00482B5D /* Main.storyboard in Resources */ = {isa = PBXBuildFile; fileRef = 7A56CFAC1D898B9E00482B5D /* Main.storyboard */; };
		7A56CFB01D898B9E00482B5D /* Assets.xcassets in Resources */ = {isa = PBXBuildFile; fileRef = 7A56CFAF1D898B9E00482B5D /* Assets.xcassets */; };
		7A56CFB31D898B9E00482B5D /* LaunchScreen.storyboard in Resources */ = {isa = PBXBuildFile; fileRef = 7A56CFB11D898B9E00482B5D /* LaunchScreen.storyboard */; };
		7A56CFBE1D898B9E00482B5D /* pokedex_christian_leovido_swift3Tests.swift in Sources */ = {isa = PBXBuildFile; fileRef = 7A56CFBD1D898B9E00482B5D /* pokedex_christian_leovido_swift3Tests.swift */; };
		7A56CFC91D898B9E00482B5D /* pokedex_christian_leovido_swift3UITests.swift in Sources */ = {isa = PBXBuildFile; fileRef = 7A56CFC81D898B9E00482B5D /* pokedex_christian_leovido_swift3UITests.swift */; };
		7A56CFD71D898ECB00482B5D /* pokemon.csv in Resources */ = {isa = PBXBuildFile; fileRef = 7A56CFD61D898ECB00482B5D /* pokemon.csv */; };
		7A56CFDA1D898FA200482B5D /* Pokemon.swift in Sources */ = {isa = PBXBuildFile; fileRef = 7A56CFD91D898FA200482B5D /* Pokemon.swift */; };
		7A56CFDF1D89974600482B5D /* PokeCell.swift in Sources */ = {isa = PBXBuildFile; fileRef = 7A56CFDE1D89974600482B5D /* PokeCell.swift */; };
		7A56CFE11D89B0E600482B5D /* csv.swift in Sources */ = {isa = PBXBuildFile; fileRef = 7A56CFE01D89B0E600482B5D /* csv.swift */; };
/* End PBXBuildFile section */

/* Begin PBXContainerItemProxy section */
		7A56CFBA1D898B9E00482B5D /* PBXContainerItemProxy */ = {
			isa = PBXContainerItemProxy;
			containerPortal = 7A56CF9D1D898B9D00482B5D /* Project object */;
			proxyType = 1;
			remoteGlobalIDString = 7A56CFA41D898B9D00482B5D;
			remoteInfo = pokedex_christian_leovido_swift3;
		};
		7A56CFC51D898B9E00482B5D /* PBXContainerItemProxy */ = {
			isa = PBXContainerItemProxy;
			containerPortal = 7A56CF9D1D898B9D00482B5D /* Project object */;
			proxyType = 1;
			remoteGlobalIDString = 7A56CFA41D898B9D00482B5D;
			remoteInfo = pokedex_christian_leovido_swift3;
		};
/* End PBXContainerItemProxy section */

/* Begin PBXFileReference section */
		7A0C29291D8AC5DB00B49353 /* pokemon.ttf */ = {isa = PBXFileReference; lastKnownFileType = file; path = pokemon.ttf; sourceTree = "<group>"; };
		7A0C292C1D8AC7B100B49353 /* music.png */ = {isa = PBXFileReference; lastKnownFileType = image.png; path = music.png; sourceTree = "<group>"; };
		7A0C292E1D8AC7BF00B49353 /* music.mp3 */ = {isa = PBXFileReference; lastKnownFileType = audio.mp3; path = music.mp3; sourceTree = "<group>"; };
		7A56CFA51D898B9E00482B5D /* pokedex_christian_leovido_swift3.app */ = {isa = PBXFileReference; explicitFileType = wrapper.application; includeInIndex = 0; path = pokedex_christian_leovido_swift3.app; sourceTree = BUILT_PRODUCTS_DIR; };
		7A56CFA81D898B9E00482B5D /* AppDelegate.swift */ = {isa = PBXFileReference; lastKnownFileType = sourcecode.swift; path = AppDelegate.swift; sourceTree = "<group>"; };
		7A56CFAA1D898B9E00482B5D /* ViewController.swift */ = {isa = PBXFileReference; lastKnownFileType = sourcecode.swift; path = ViewController.swift; sourceTree = "<group>"; };
		7A56CFAD1D898B9E00482B5D /* Base */ = {isa = PBXFileReference; lastKnownFileType = file.storyboard; name = Base; path = Base.lproj/Main.storyboard; sourceTree = "<group>"; };
		7A56CFAF1D898B9E00482B5D /* Assets.xcassets */ = {isa = PBXFileReference; lastKnownFileType = folder.assetcatalog; path = Assets.xcassets; sourceTree = "<group>"; };
		7A56CFB21D898B9E00482B5D /* Base */ = {isa = PBXFileReference; lastKnownFileType = file.storyboard; name = Base; path = Base.lproj/LaunchScreen.storyboard; sourceTree = "<group>"; };
		7A56CFB41D898B9E00482B5D /* Info.plist */ = {isa = PBXFileReference; lastKnownFileType = text.plist.xml; path = Info.plist; sourceTree = "<group>"; };
		7A56CFB91D898B9E00482B5D /* pokedex_christian_leovido_swift3Tests.xctest */ = {isa = PBXFileReference; explicitFileType = wrapper.cfbundle; includeInIndex = 0; path = pokedex_christian_leovido_swift3Tests.xctest; sourceTree = BUILT_PRODUCTS_DIR; };
		7A56CFBD1D898B9E00482B5D /* pokedex_christian_leovido_swift3Tests.swift */ = {isa = PBXFileReference; lastKnownFileType = sourcecode.swift; path = pokedex_christian_leovido_swift3Tests.swift; sourceTree = "<group>"; };
		7A56CFBF1D898B9E00482B5D /* Info.plist */ = {isa = PBXFileReference; lastKnownFileType = text.plist.xml; path = Info.plist; sourceTree = "<group>"; };
		7A56CFC41D898B9E00482B5D /* pokedex_christian_leovido_swift3UITests.xctest */ = {isa = PBXFileReference; explicitFileType = wrapper.cfbundle; includeInIndex = 0; path = pokedex_christian_leovido_swift3UITests.xctest; sourceTree = BUILT_PRODUCTS_DIR; };
		7A56CFC81D898B9E00482B5D /* pokedex_christian_leovido_swift3UITests.swift */ = {isa = PBXFileReference; lastKnownFileType = sourcecode.swift; path = pokedex_christian_leovido_swift3UITests.swift; sourceTree = "<group>"; };
		7A56CFCA1D898B9E00482B5D /* Info.plist */ = {isa = PBXFileReference; lastKnownFileType = text.plist.xml; path = Info.plist; sourceTree = "<group>"; };
		7A56CFD61D898ECB00482B5D /* pokemon.csv */ = {isa = PBXFileReference; fileEncoding = 4; lastKnownFileType = text; path = pokemon.csv; sourceTree = "<group>"; };
		7A56CFD91D898FA200482B5D /* Pokemon.swift */ = {isa = PBXFileReference; fileEncoding = 4; lastKnownFileType = sourcecode.swift; path = Pokemon.swift; sourceTree = "<group>"; };
		7A56CFDE1D89974600482B5D /* PokeCell.swift */ = {isa = PBXFileReference; fileEncoding = 4; lastKnownFileType = sourcecode.swift; path = PokeCell.swift; sourceTree = "<group>"; };
		7A56CFE01D89B0E600482B5D /* csv.swift */ = {isa = PBXFileReference; fileEncoding = 4; lastKnownFileType = sourcecode.swift; path = csv.swift; sourceTree = "<group>"; };
/* End PBXFileReference section */

/* Begin PBXFrameworksBuildPhase section */
		7A56CFA21D898B9D00482B5D /* Frameworks */ = {
			isa = PBXFrameworksBuildPhase;
			buildActionMask = 2147483647;
			files = (
			);
			runOnlyForDeploymentPostprocessing = 0;
		};
		7A56CFB61D898B9E00482B5D /* Frameworks */ = {
			isa = PBXFrameworksBuildPhase;
			buildActionMask = 2147483647;
			files = (
			);
			runOnlyForDeploymentPostprocessing = 0;
		};
		7A56CFC11D898B9E00482B5D /* Frameworks */ = {
			isa = PBXFrameworksBuildPhase;
			buildActionMask = 2147483647;
			files = (
			);
			runOnlyForDeploymentPostprocessing = 0;
		};
/* End PBXFrameworksBuildPhase section */

/* Begin PBXGroup section */
		7A0C29281D8AC5BD00B49353 /* Resources */ = {
			isa = PBXGroup;
			children = (
				7A56CFD61D898ECB00482B5D /* pokemon.csv */,
				7A56CFE01D89B0E600482B5D /* csv.swift */,
				7A0C29291D8AC5DB00B49353 /* pokemon.ttf */,
				7A0C292C1D8AC7B100B49353 /* music.png */,
				7A0C292E1D8AC7BF00B49353 /* music.mp3 */,
			);
			name = Resources;
			sourceTree = "<group>";
		};
		7A0C292B1D8AC60600B49353 /* Controller */ = {
			isa = PBXGroup;
			children = (
				7A56CFAA1D898B9E00482B5D /* ViewController.swift */,
			);
			name = Controller;
			sourceTree = "<group>";
		};
		7A56CF9C1D898B9D00482B5D = {
			isa = PBXGroup;
			children = (
				7A56CFA71D898B9E00482B5D /* pokedex_christian_leovido_swift3 */,
				7A56CFBC1D898B9E00482B5D /* pokedex_christian_leovido_swift3Tests */,
				7A56CFC71D898B9E00482B5D /* pokedex_christian_leovido_swift3UITests */,
				7A56CFA61D898B9E00482B5D /* Products */,
			);
			sourceTree = "<group>";
		};
		7A56CFA61D898B9E00482B5D /* Products */ = {
			isa = PBXGroup;
			children = (
				7A56CFA51D898B9E00482B5D /* pokedex_christian_leovido_swift3.app */,
				7A56CFB91D898B9E00482B5D /* pokedex_christian_leovido_swift3Tests.xctest */,
				7A56CFC41D898B9E00482B5D /* pokedex_christian_leovido_swift3UITests.xctest */,
			);
			name = Products;
			sourceTree = "<group>";
		};
		7A56CFA71D898B9E00482B5D /* pokedex_christian_leovido_swift3 */ = {
			isa = PBXGroup;
			children = (
				7A56CFD81D898F8300482B5D /* Model */,
				7A56CFDB1D89959C00482B5D /* View */,
				7A0C292B1D8AC60600B49353 /* Controller */,
				7A0C29281D8AC5BD00B49353 /* Resources */,
				7A56CFA81D898B9E00482B5D /* AppDelegate.swift */,
				7A56CFAC1D898B9E00482B5D /* Main.storyboard */,
				7A56CFAF1D898B9E00482B5D /* Assets.xcassets */,
				7A56CFB11D898B9E00482B5D /* LaunchScreen.storyboard */,
				7A56CFB41D898B9E00482B5D /* Info.plist */,
			);
			path = pokedex_christian_leovido_swift3;
			sourceTree = "<group>";
		};
		7A56CFBC1D898B9E00482B5D /* pokedex_christian_leovido_swift3Tests */ = {
			isa = PBXGroup;
			children = (
				7A56CFBD1D898B9E00482B5D /* pokedex_christian_leovido_swift3Tests.swift */,
				7A56CFBF1D898B9E00482B5D /* Info.plist */,
			);
			path = pokedex_christian_leovido_swift3Tests;
			sourceTree = "<group>";
		};
		7A56CFC71D898B9E00482B5D /* pokedex_christian_leovido_swift3UITests */ = {
			isa = PBXGroup;
			children = (
				7A56CFC81D898B9E00482B5D /* pokedex_christian_leovido_swift3UITests.swift */,
				7A56CFCA1D898B9E00482B5D /* Info.plist */,
			);
			path = pokedex_christian_leovido_swift3UITests;
			sourceTree = "<group>";
		};
		7A56CFD81D898F8300482B5D /* Model */ = {
			isa = PBXGroup;
			children = (
				7A56CFD91D898FA200482B5D /* Pokemon.swift */,
			);
			name = Model;
			sourceTree = "<group>";
		};
		7A56CFDB1D89959C00482B5D /* View */ = {
			isa = PBXGroup;
			children = (
				7A56CFDE1D89974600482B5D /* PokeCell.swift */,
			);
			name = View;
			sourceTree = "<group>";
		};
/* End PBXGroup section */

/* Begin PBXNativeTarget section */
		7A56CFA41D898B9D00482B5D /* pokedex_christian_leovido_swift3 */ = {
			isa = PBXNativeTarget;
			buildConfigurationList = 7A56CFCD1D898B9E00482B5D /* Build configuration list for PBXNativeTarget "pokedex_christian_leovido_swift3" */;
			buildPhases = (
				7A56CFA11D898B9D00482B5D /* Sources */,
				7A56CFA21D898B9D00482B5D /* Frameworks */,
				7A56CFA31D898B9D00482B5D /* Resources */,
			);
			buildRules = (
			);
			dependencies = (
			);
			name = pokedex_christian_leovido_swift3;
			productName = pokedex_christian_leovido_swift3;
			productReference = 7A56CFA51D898B9E00482B5D /* pokedex_christian_leovido_swift3.app */;
			productType = "com.apple.product-type.application";
		};
		7A56CFB81D898B9E00482B5D /* pokedex_christian_leovido_swift3Tests */ = {
			isa = PBXNativeTarget;
			buildConfigurationList = 7A56CFD01D898B9E00482B5D /* Build configuration list for PBXNativeTarget "pokedex_christian_leovido_swift3Tests" */;
			buildPhases = (
				7A56CFB51D898B9E00482B5D /* Sources */,
				7A56CFB61D898B9E00482B5D /* Frameworks */,
				7A56CFB71D898B9E00482B5D /* Resources */,
			);
			buildRules = (
			);
			dependencies = (
				7A56CFBB1D898B9E00482B5D /* PBXTargetDependency */,
			);
			name = pokedex_christian_leovido_swift3Tests;
			productName = pokedex_christian_leovido_swift3Tests;
			productReference = 7A56CFB91D898B9E00482B5D /* pokedex_christian_leovido_swift3Tests.xctest */;
			productType = "com.apple.product-type.bundle.unit-test";
		};
		7A56CFC31D898B9E00482B5D /* pokedex_christian_leovido_swift3UITests */ = {
			isa = PBXNativeTarget;
			buildConfigurationList = 7A56CFD31D898B9E00482B5D /* Build configuration list for PBXNativeTarget "pokedex_christian_leovido_swift3UITests" */;
			buildPhases = (
				7A56CFC01D898B9E00482B5D /* Sources */,
				7A56CFC11D898B9E00482B5D /* Frameworks */,
				7A56CFC21D898B9E00482B5D /* Resources */,
			);
			buildRules = (
			);
			dependencies = (
				7A56CFC61D898B9E00482B5D /* PBXTargetDependency */,
			);
			name = pokedex_christian_leovido_swift3UITests;
			productName = pokedex_christian_leovido_swift3UITests;
			productReference = 7A56CFC41D898B9E00482B5D /* pokedex_christian_leovido_swift3UITests.xctest */;
			productType = "com.apple.product-type.bundle.ui-testing";
		};
/* End PBXNativeTarget section */

/* Begin PBXProject section */
		7A56CF9D1D898B9D00482B5D /* Project object */ = {
			isa = PBXProject;
			attributes = {
				LastSwiftUpdateCheck = 0800;
				LastUpgradeCheck = 0800;
				ORGANIZATIONNAME = "Christian Leovido";
				TargetAttributes = {
					7A56CFA41D898B9D00482B5D = {
						CreatedOnToolsVersion = 8.0;
						DevelopmentTeam = 7FFBU6H3CE;
						LastSwiftMigration = 0800;
						ProvisioningStyle = Automatic;
					};
					7A56CFB81D898B9E00482B5D = {
						CreatedOnToolsVersion = 8.0;
						DevelopmentTeam = 7FFBU6H3CE;
						LastSwiftMigration = 0800;
						ProvisioningStyle = Automatic;
						TestTargetID = 7A56CFA41D898B9D00482B5D;
					};
					7A56CFC31D898B9E00482B5D = {
						CreatedOnToolsVersion = 8.0;
						DevelopmentTeam = 7FFBU6H3CE;
						LastSwiftMigration = 0800;
						ProvisioningStyle = Automatic;
						TestTargetID = 7A56CFA41D898B9D00482B5D;
					};
				};
			};
			buildConfigurationList = 7A56CFA01D898B9D00482B5D /* Build configuration list for PBXProject "pokedex_christian_leovido_swift3" */;
			compatibilityVersion = "Xcode 3.2";
			developmentRegion = English;
			hasScannedForEncodings = 0;
			knownRegions = (
				en,
				Base,
			);
			mainGroup = 7A56CF9C1D898B9D00482B5D;
			productRefGroup = 7A56CFA61D898B9E00482B5D /* Products */;
			projectDirPath = "";
			projectRoot = "";
			targets = (
				7A56CFA41D898B9D00482B5D /* pokedex_christian_leovido_swift3 */,
				7A56CFB81D898B9E00482B5D /* pokedex_christian_leovido_swift3Tests */,
				7A56CFC31D898B9E00482B5D /* pokedex_christian_leovido_swift3UITests */,
			);
		};
/* End PBXProject section */

/* Begin PBXResourcesBuildPhase section */
		7A56CFA31D898B9D00482B5D /* Resources */ = {
			isa = PBXResourcesBuildPhase;
			buildActionMask = 2147483647;
			files = (
				7A0C292A1D8AC5DB00B49353 /* pokemon.ttf in Resources */,
				7A56CFB31D898B9E00482B5D /* LaunchScreen.storyboard in Resources */,
				7A56CFB01D898B9E00482B5D /* Assets.xcassets in Resources */,
				7A56CFD71D898ECB00482B5D /* pokemon.csv in Resources */,
				7A56CFAE1D898B9E00482B5D /* Main.storyboard in Resources */,
				7A0C292F1D8AC7BF00B49353 /* music.mp3 in Resources */,
				7A0C292D1D8AC7B100B49353 /* music.png in Resources */,
			);
			runOnlyForDeploymentPostprocessing = 0;
		};
		7A56CFB71D898B9E00482B5D /* Resources */ = {
			isa = PBXResourcesBuildPhase;
			buildActionMask = 2147483647;
			files = (
			);
			runOnlyForDeploymentPostprocessing = 0;
		};
		7A56CFC21D898B9E00482B5D /* Resources */ = {
			isa = PBXResourcesBuildPhase;
			buildActionMask = 2147483647;
			files = (
			);
			runOnlyForDeploymentPostprocessing = 0;
		};
/* End PBXResourcesBuildPhase section */

/* Begin PBXSourcesBuildPhase section */
		7A56CFA11D898B9D00482B5D /* Sources */ = {
			isa = PBXSourcesBuildPhase;
			buildActionMask = 2147483647;
			files = (
				7A56CFDF1D89974600482B5D /* PokeCell.swift in Sources */,
				7A56CFAB1D898B9E00482B5D /* ViewController.swift in Sources */,
				7A56CFA91D898B9E00482B5D /* AppDelegate.swift in Sources */,
				7A56CFDA1D898FA200482B5D /* Pokemon.swift in Sources */,
				7A56CFE11D89B0E600482B5D /* csv.swift in Sources */,
			);
			runOnlyForDeploymentPostprocessing = 0;
		};
		7A56CFB51D898B9E00482B5D /* Sources */ = {
			isa = PBXSourcesBuildPhase;
			buildActionMask = 2147483647;
			files = (
				7A56CFBE1D898B9E00482B5D /* pokedex_christian_leovido_swift3Tests.swift in Sources */,
			);
			runOnlyForDeploymentPostprocessing = 0;
		};
		7A56CFC01D898B9E00482B5D /* Sources */ = {
			isa = PBXSourcesBuildPhase;
			buildActionMask = 2147483647;
			files = (
				7A56CFC91D898B9E00482B5D /* pokedex_christian_leovido_swift3UITests.swift in Sources */,
			);
			runOnlyForDeploymentPostprocessing = 0;
		};
/* End PBXSourcesBuildPhase section */

/* Begin PBXTargetDependency section */
		7A56CFBB1D898B9E00482B5D /* PBXTargetDependency */ = {
			isa = PBXTargetDependency;
			target = 7A56CFA41D898B9D00482B5D /* pokedex_christian_leovido_swift3 */;
			targetProxy = 7A56CFBA1D898B9E00482B5D /* PBXContainerItemProxy */;
		};
		7A56CFC61D898B9E00482B5D /* PBXTargetDependency */ = {
			isa = PBXTargetDependency;
			target = 7A56CFA41D898B9D00482B5D /* pokedex_christian_leovido_swift3 */;
			targetProxy = 7A56CFC51D898B9E00482B5D /* PBXContainerItemProxy */;
		};
/* End PBXTargetDependency section */

/* Begin PBXVariantGroup section */
		7A56CFAC1D898B9E00482B5D /* Main.storyboard */ = {
			isa = PBXVariantGroup;
			children = (
				7A56CFAD1D898B9E00482B5D /* Base */,
			);
			name = Main.storyboard;
			sourceTree = "<group>";
		};
		7A56CFB11D898B9E00482B5D /* LaunchScreen.storyboard */ = {
			isa = PBXVariantGroup;
			children = (
				7A56CFB21D898B9E00482B5D /* Base */,
			);
			name = LaunchScreen.storyboard;
			sourceTree = "<group>";
		};
/* End PBXVariantGroup section */

/* Begin XCBuildConfiguration section */
		7A56CFCB1D898B9E00482B5D /* Debug */ = {
			isa = XCBuildConfiguration;
			buildSettings = {
				ALWAYS_SEARCH_USER_PATHS = NO;
				CLANG_ANALYZER_NONNULL = YES;
				CLANG_CXX_LANGUAGE_STANDARD = "gnu++0x";
				CLANG_CXX_LIBRARY = "libc++";
				CLANG_ENABLE_MODULES = YES;
				CLANG_ENABLE_OBJC_ARC = YES;
				CLANG_WARN_BOOL_CONVERSION = YES;
				CLANG_WARN_CONSTANT_CONVERSION = YES;
				CLANG_WARN_DIRECT_OBJC_ISA_USAGE = YES_ERROR;
				CLANG_WARN_DOCUMENTATION_COMMENTS = YES;
				CLANG_WARN_EMPTY_BODY = YES;
				CLANG_WARN_ENUM_CONVERSION = YES;
				CLANG_WARN_INFINITE_RECURSION = YES;
				CLANG_WARN_INT_CONVERSION = YES;
				CLANG_WARN_OBJC_ROOT_CLASS = YES_ERROR;
				CLANG_WARN_SUSPICIOUS_MOVES = YES;
				CLANG_WARN_UNREACHABLE_CODE = YES;
				CLANG_WARN__DUPLICATE_METHOD_MATCH = YES;
				"CODE_SIGN_IDENTITY[sdk=iphoneos*]" = "iPhone Developer";
				COPY_PHASE_STRIP = NO;
				DEBUG_INFORMATION_FORMAT = dwarf;
				ENABLE_STRICT_OBJC_MSGSEND = YES;
				ENABLE_TESTABILITY = YES;
				GCC_C_LANGUAGE_STANDARD = gnu99;
				GCC_DYNAMIC_NO_PIC = NO;
				GCC_NO_COMMON_BLOCKS = YES;
				GCC_OPTIMIZATION_LEVEL = 0;
				GCC_PREPROCESSOR_DEFINITIONS = (
					"DEBUG=1",
					"$(inherited)",
				);
				GCC_WARN_64_TO_32_BIT_CONVERSION = YES;
				GCC_WARN_ABOUT_RETURN_TYPE = YES_ERROR;
				GCC_WARN_UNDECLARED_SELECTOR = YES;
				GCC_WARN_UNINITIALIZED_AUTOS = YES_AGGRESSIVE;
				GCC_WARN_UNUSED_FUNCTION = YES;
				GCC_WARN_UNUSED_VARIABLE = YES;
				IPHONEOS_DEPLOYMENT_TARGET = 10.0;
				MTL_ENABLE_DEBUG_INFO = YES;
				ONLY_ACTIVE_ARCH = YES;
				SDKROOT = iphoneos;
				SWIFT_ACTIVE_COMPILATION_CONDITIONS = DEBUG;
				SWIFT_OPTIMIZATION_LEVEL = "-Onone";
				TARGETED_DEVICE_FAMILY = "1,2";
			};
			name = Debug;
		};
		7A56CFCC1D898B9E00482B5D /* Release */ = {
			isa = XCBuildConfiguration;
			buildSettings = {
				ALWAYS_SEARCH_USER_PATHS = NO;
				CLANG_ANALYZER_NONNULL = YES;
				CLANG_CXX_LANGUAGE_STANDARD = "gnu++0x";
				CLANG_CXX_LIBRARY = "libc++";
				CLANG_ENABLE_MODULES = YES;
				CLANG_ENABLE_OBJC_ARC = YES;
				CLANG_WARN_BOOL_CONVERSION = YES;
				CLANG_WARN_CONSTANT_CONVERSION = YES;
				CLANG_WARN_DIRECT_OBJC_ISA_USAGE = YES_ERROR;
				CLANG_WARN_DOCUMENTATION_COMMENTS = YES;
				CLANG_WARN_EMPTY_BODY = YES;
				CLANG_WARN_ENUM_CONVERSION = YES;
				CLANG_WARN_INFINITE_RECURSION = YES;
				CLANG_WARN_INT_CONVERSION = YES;
				CLANG_WARN_OBJC_ROOT_CLASS = YES_ERROR;
				CLANG_WARN_SUSPICIOUS_MOVES = YES;
				CLANG_WARN_UNREACHABLE_CODE = YES;
				CLANG_WARN__DUPLICATE_METHOD_MATCH = YES;
				"CODE_SIGN_IDENTITY[sdk=iphoneos*]" = "iPhone Developer";
				COPY_PHASE_STRIP = NO;
				DEBUG_INFORMATION_FORMAT = "dwarf-with-dsym";
				ENABLE_NS_ASSERTIONS = NO;
				ENABLE_STRICT_OBJC_MSGSEND = YES;
				GCC_C_LANGUAGE_STANDARD = gnu99;
				GCC_NO_COMMON_BLOCKS = YES;
				GCC_WARN_64_TO_32_BIT_CONVERSION = YES;
				GCC_WARN_ABOUT_RETURN_TYPE = YES_ERROR;
				GCC_WARN_UNDECLARED_SELECTOR = YES;
				GCC_WARN_UNINITIALIZED_AUTOS = YES_AGGRESSIVE;
				GCC_WARN_UNUSED_FUNCTION = YES;
				GCC_WARN_UNUSED_VARIABLE = YES;
				IPHONEOS_DEPLOYMENT_TARGET = 10.0;
				MTL_ENABLE_DEBUG_INFO = NO;
				SDKROOT = iphoneos;
				SWIFT_OPTIMIZATION_LEVEL = "-Owholemodule";
				TARGETED_DEVICE_FAMILY = "1,2";
				VALIDATE_PRODUCT = YES;
			};
			name = Release;
		};
		7A56CFCE1D898B9E00482B5D /* Debug */ = {
			isa = XCBuildConfiguration;
			buildSettings = {
				ASSETCATALOG_COMPILER_APPICON_NAME = AppIcon;
				DEVELOPMENT_TEAM = 7FFBU6H3CE;
				INFOPLIST_FILE = pokedex_christian_leovido_swift3/Info.plist;
				LD_RUNPATH_SEARCH_PATHS = "$(inherited) @executable_path/Frameworks";
				PRODUCT_BUNDLE_IDENTIFIER = "com.AccentIT.pokedex-christian-leovido-swift3";
				PRODUCT_NAME = "$(TARGET_NAME)";
				SWIFT_VERSION = 3.0;
			};
			name = Debug;
		};
		7A56CFCF1D898B9E00482B5D /* Release */ = {
			isa = XCBuildConfiguration;
			buildSettings = {
				ASSETCATALOG_COMPILER_APPICON_NAME = AppIcon;
				DEVELOPMENT_TEAM = 7FFBU6H3CE;
				INFOPLIST_FILE = pokedex_christian_leovido_swift3/Info.plist;
				LD_RUNPATH_SEARCH_PATHS = "$(inherited) @executable_path/Frameworks";
				PRODUCT_BUNDLE_IDENTIFIER = "com.AccentIT.pokedex-christian-leovido-swift3";
				PRODUCT_NAME = "$(TARGET_NAME)";
				SWIFT_VERSION = 3.0;
			};
			name = Release;
		};
		7A56CFD11D898B9E00482B5D /* Debug */ = {
			isa = XCBuildConfiguration;
			buildSettings = {
				ALWAYS_EMBED_SWIFT_STANDARD_LIBRARIES = YES;
				BUNDLE_LOADER = "$(TEST_HOST)";
				DEVELOPMENT_TEAM = 7FFBU6H3CE;
				INFOPLIST_FILE = pokedex_christian_leovido_swift3Tests/Info.plist;
				LD_RUNPATH_SEARCH_PATHS = "$(inherited) @executable_path/Frameworks @loader_path/Frameworks";
				PRODUCT_BUNDLE_IDENTIFIER = "com.AccentIT.pokedex-christian-leovido-swift3Tests";
				PRODUCT_NAME = "$(TARGET_NAME)";
				SWIFT_VERSION = 3.0;
				TEST_HOST = "$(BUILT_PRODUCTS_DIR)/pokedex_christian_leovido_swift3.app/pokedex_christian_leovido_swift3";
			};
			name = Debug;
		};
		7A56CFD21D898B9E00482B5D /* Release */ = {
			isa = XCBuildConfiguration;
			buildSettings = {
				ALWAYS_EMBED_SWIFT_STANDARD_LIBRARIES = YES;
				BUNDLE_LOADER = "$(TEST_HOST)";
				DEVELOPMENT_TEAM = 7FFBU6H3CE;
				INFOPLIST_FILE = pokedex_christian_leovido_swift3Tests/Info.plist;
				LD_RUNPATH_SEARCH_PATHS = "$(inherited) @executable_path/Frameworks @loader_path/Frameworks";
				PRODUCT_BUNDLE_IDENTIFIER = "com.AccentIT.pokedex-christian-leovido-swift3Tests";
				PRODUCT_NAME = "$(TARGET_NAME)";
				SWIFT_VERSION = 3.0;
				TEST_HOST = "$(BUILT_PRODUCTS_DIR)/pokedex_christian_leovido_swift3.app/pokedex_christian_leovido_swift3";
			};
			name = Release;
		};
		7A56CFD41D898B9E00482B5D /* Debug */ = {
			isa = XCBuildConfiguration;
			buildSettings = {
				ALWAYS_EMBED_SWIFT_STANDARD_LIBRARIES = YES;
				DEVELOPMENT_TEAM = 7FFBU6H3CE;
				INFOPLIST_FILE = pokedex_christian_leovido_swift3UITests/Info.plist;
				LD_RUNPATH_SEARCH_PATHS = "$(inherited) @executable_path/Frameworks @loader_path/Frameworks";
				PRODUCT_BUNDLE_IDENTIFIER = "com.AccentIT.pokedex-christian-leovido-swift3UITests";
				PRODUCT_NAME = "$(TARGET_NAME)";
				SWIFT_VERSION = 3.0;
				TEST_TARGET_NAME = pokedex_christian_leovido_swift3;
			};
			name = Debug;
		};
		7A56CFD51D898B9E00482B5D /* Release */ = {
			isa = XCBuildConfiguration;
			buildSettings = {
				ALWAYS_EMBED_SWIFT_STANDARD_LIBRARIES = YES;
				DEVELOPMENT_TEAM = 7FFBU6H3CE;
				INFOPLIST_FILE = pokedex_christian_leovido_swift3UITests/Info.plist;
				LD_RUNPATH_SEARCH_PATHS = "$(inherited) @executable_path/Frameworks @loader_path/Frameworks";
				PRODUCT_BUNDLE_IDENTIFIER = "com.AccentIT.pokedex-christian-leovido-swift3UITests";
				PRODUCT_NAME = "$(TARGET_NAME)";
				SWIFT_VERSION = 3.0;
				TEST_TARGET_NAME = pokedex_christian_leovido_swift3;
			};
			name = Release;
		};
/* End XCBuildConfiguration section */

/* Begin XCConfigurationList section */
		7A56CFA01D898B9D00482B5D /* Build configuration list for PBXProject "pokedex_christian_leovido_swift3" */ = {
			isa = XCConfigurationList;
			buildConfigurations = (
				7A56CFCB1D898B9E00482B5D /* Debug */,
				7A56CFCC1D898B9E00482B5D /* Release */,
			);
			defaultConfigurationIsVisible = 0;
			defaultConfigurationName = Release;
		};
		7A56CFCD1D898B9E00482B5D /* Build configuration list for PBXNativeTarget "pokedex_christian_leovido_swift3" */ = {
			isa = XCConfigurationList;
			buildConfigurations = (
				7A56CFCE1D898B9E00482B5D /* Debug */,
				7A56CFCF1D898B9E00482B5D /* Release */,
			);
			defaultConfigurationIsVisible = 0;
			defaultConfigurationName = Release;
		};
		7A56CFD01D898B9E00482B5D /* Build configuration list for PBXNativeTarget "pokedex_christian_leovido_swift3Tests" */ = {
			isa = XCConfigurationList;
			buildConfigurations = (
				7A56CFD11D898B9E00482B5D /* Debug */,
				7A56CFD21D898B9E00482B5D /* Release */,
			);
			defaultConfigurationIsVisible = 0;
			defaultConfigurationName = Release;
		};
		7A56CFD31D898B9E00482B5D /* Build configuration list for PBXNativeTarget "pokedex_christian_leovido_swift3UITests" */ = {
			isa = XCConfigurationList;
			buildConfigurations = (
				7A56CFD41D898B9E00482B5D /* Debug */,
				7A56CFD51D898B9E00482B5D /* Release */,
			);
			defaultConfigurationIsVisible = 0;
			defaultConfigurationName = Release;
		};
/* End XCConfigurationList section */
	};
	rootObject = 7A56CF9D1D898B9D00482B5D /* Project object */;
}
